
Microsoft Visual Studio Solution File, Format Version 12.00
# Visual Studio Version 16
VisualStudioVersion = 16.0.29613.14
MinimumVisualStudioVersion = 10.0.40219.1
Project("{FAE04EC0-301F-11D3-BF4B-00C04F79EFBC}") = "REICTEventScheduler.UWP", "REICTEventScheduler.UWP\REICTEventScheduler.UWP.csproj", "{883240DA-92CA-4169-B339-1F4E840DBF03}"
EndProject
Project("{FAE04EC0-301F-11D3-BF4B-00C04F79EFBC}") = "REICTEventScheduler.Android", "REICTEventScheduler.Android\REICTEventScheduler.Android.csproj", "{7AEBC0B5-3AE7-4D4F-A4DB-D7B1CC0653BE}"
EndProject
Project("{FAE04EC0-301F-11D3-BF4B-00C04F79EFBC}") = "REICTEventScheduler.iOS", "REICTEventScheduler.iOS\REICTEventScheduler.iOS.csproj", "{B7722C01-3208-4CA3-A99B-7CD92274CFD5}"
EndProject
Project("{9A19103F-16F7-4668-BE54-9A1E7A4F7556}") = "REICTEventScheduler", "REICTEventScheduler\REICTEventScheduler.csproj", "{407E2397-971D-4C86-A292-6A61A4FE67CE}"
EndProject
Global
	GlobalSection(SolutionConfigurationPlatforms) = preSolution
		Debug|Any CPU = Debug|Any CPU
		Debug|ARM = Debug|ARM
		Debug|iPhone = Debug|iPhone
		Debug|iPhoneSimulator = Debug|iPhoneSimulator
		Debug|x64 = Debug|x64
		Debug|x86 = Debug|x86
		Release|Any CPU = Release|Any CPU
		Release|ARM = Release|ARM
		Release|iPhone = Release|iPhone
		Release|iPhoneSimulator = Release|iPhoneSimulator
		Release|x64 = Release|x64
		Release|x86 = Release|x86
	EndGlobalSection
	GlobalSection(ProjectConfigurationPlatforms) = postSolution
		{883240DA-92CA-4169-B339-1F4E840DBF03}.Debug|Any CPU.ActiveCfg = Debug|x86
		{883240DA-92CA-4169-B339-1F4E840DBF03}.Debug|Any CPU.Build.0 = Debug|x86
		{883240DA-92CA-4169-B339-1F4E840DBF03}.Debug|Any CPU.Deploy.0 = Debug|x86
		{883240DA-92CA-4169-B339-1F4E840DBF03}.Debug|ARM.ActiveCfg = Debug|ARM
		{883240DA-92CA-4169-B339-1F4E840DBF03}.Debug|ARM.Build.0 = Debug|ARM
		{883240DA-92CA-4169-B339-1F4E840DBF03}.Debug|ARM.Deploy.0 = Debug|ARM
		{883240DA-92CA-4169-B339-1F4E840DBF03}.Debug|iPhone.ActiveCfg = Debug|x86
		{883240DA-92CA-4169-B339-1F4E840DBF03}.Debug|iPhone.Build.0 = Debug|x86
		{883240DA-92CA-4169-B339-1F4E840DBF03}.Debug|iPhone.Deploy.0 = Debug|x86
		{883240DA-92CA-4169-B339-1F4E840DBF03}.Debug|iPhoneSimulator.ActiveCfg = Debug|x86
		{883240DA-92CA-4169-B339-1F4E840DBF03}.Debug|iPhoneSimulator.Build.0 = Debug|x86
		{883240DA-92CA-4169-B339-1F4E840DBF03}.Debug|iPhoneSimulator.Deploy.0 = Debug|x86
		{883240DA-92CA-4169-B339-1F4E840DBF03}.Debug|x64.ActiveCfg = Debug|x64
		{883240DA-92CA-4169-B339-1F4E840DBF03}.Debug|x64.Build.0 = Debug|x64
		{883240DA-92CA-4169-B339-1F4E840DBF03}.Debug|x64.Deploy.0 = Debug|x64
		{883240DA-92CA-4169-B339-1F4E840DBF03}.Debug|x86.ActiveCfg = Debug|x86
		{883240DA-92CA-4169-B339-1F4E840DBF03}.Debug|x86.Build.0 = Debug|x86
		{883240DA-92CA-4169-B339-1F4E840DBF03}.Debug|x86.Deploy.0 = Debug|x86
		{883240DA-92CA-4169-B339-1F4E840DBF03}.Release|Any CPU.ActiveCfg = Release|x86
		{883240DA-92CA-4169-B339-1F4E840DBF03}.Release|Any CPU.Build.0 = Release|x86
		{883240DA-92CA-4169-B339-1F4E840DBF03}.Release|Any CPU.Deploy.0 = Release|x86
		{883240DA-92CA-4169-B339-1F4E840DBF03}.Release|ARM.ActiveCfg = Release|ARM
		{883240DA-92CA-4169-B339-1F4E840DBF03}.Release|ARM.Build.0 = Release|ARM
		{883240DA-92CA-4169-B339-1F4E840DBF03}.Release|ARM.Deploy.0 = Release|ARM
		{883240DA-92CA-4169-B339-1F4E840DBF03}.Release|iPhone.ActiveCfg = Release|x86
		{883240DA-92CA-4169-B339-1F4E840DBF03}.Release|iPhone.Build.0 = Release|x86
		{883240DA-92CA-4169-B339-1F4E840DBF03}.Release|iPhone.Deploy.0 = Release|x86
		{883240DA-92CA-4169-B339-1F4E840DBF03}.Release|iPhoneSimulator.ActiveCfg = Release|x86
		{883240DA-92CA-4169-B339-1F4E840DBF03}.Release|iPhoneSimulator.Build.0 = Release|x86
		{883240DA-92CA-4169-B339-1F4E840DBF03}.Release|iPhoneSimulator.Deploy.0 = Release|x86
		{883240DA-92CA-4169-B339-1F4E840DBF03}.Release|x64.ActiveCfg = Release|x64
		{883240DA-92CA-4169-B339-1F4E840DBF03}.Release|x64.Build.0 = Release|x64
		{883240DA-92CA-4169-B339-1F4E840DBF03}.Release|x64.Deploy.0 = Release|x64
		{883240DA-92CA-4169-B339-1F4E840DBF03}.Release|x86.ActiveCfg = Release|x86
		{883240DA-92CA-4169-B339-1F4E840DBF03}.Release|x86.Build.0 = Release|x86
		{883240DA-92CA-4169-B339-1F4E840DBF03}.Release|x86.Deploy.0 = Release|x86
		{7AEBC0B5-3AE7-4D4F-A4DB-D7B1CC0653BE}.Debug|Any CPU.ActiveCfg = Debug|Any CPU
		{7AEBC0B5-3AE7-4D4F-A4DB-D7B1CC0653BE}.Debug|Any CPU.Build.0 = Debug|Any CPU
		{7AEBC0B5-3AE7-4D4F-A4DB-D7B1CC0653BE}.Debug|Any CPU.Deploy.0 = Debug|Any CPU
		{7AEBC0B5-3AE7-4D4F-A4DB-D7B1CC0653BE}.Debug|ARM.ActiveCfg = Debug|Any CPU
		{7AEBC0B5-3AE7-4D4F-A4DB-D7B1CC0653BE}.Debug|ARM.Build.0 = Debug|Any CPU
		{7AEBC0B5-3AE7-4D4F-A4DB-D7B1CC0653BE}.Debug|ARM.Deploy.0 = Debug|Any CPU
		{7AEBC0B5-3AE7-4D4F-A4DB-D7B1CC0653BE}.Debug|iPhone.ActiveCfg = Debug|Any CPU
		{7AEBC0B5-3AE7-4D4F-A4DB-D7B1CC0653BE}.Debug|iPhone.Build.0 = Debug|Any CPU
		{7AEBC0B5-3AE7-4D4F-A4DB-D7B1CC0653BE}.Debug|iPhone.Deploy.0 = Debug|Any CPU
		{7AEBC0B5-3AE7-4D4F-A4DB-D7B1CC0653BE}.Debug|iPhoneSimulator.ActiveCfg = Debug|Any CPU
		{7AEBC0B5-3AE7-4D4F-A4DB-D7B1CC0653BE}.Debug|iPhoneSimulator.Build.0 = Debug|Any CPU
		{7AEBC0B5-3AE7-4D4F-A4DB-D7B1CC0653BE}.Debug|iPhoneSimulator.Deploy.0 = Debug|Any CPU
		{7AEBC0B5-3AE7-4D4F-A4DB-D7B1CC0653BE}.Debug|x64.ActiveCfg = Debug|Any CPU
		{7AEBC0B5-3AE7-4D4F-A4DB-D7B1CC0653BE}.Debug|x64.Build.0 = Debug|Any CPU
		{7AEBC0B5-3AE7-4D4F-A4DB-D7B1CC0653BE}.Debug|x64.Deploy.0 = Debug|Any CPU
		{7AEBC0B5-3AE7-4D4F-A4DB-D7B1CC0653BE}.Debug|x86.ActiveCfg = Debug|Any CPU
		{7AEBC0B5-3AE7-4D4F-A4DB-D7B1CC0653BE}.Debug|x86.Build.0 = Debug|Any CPU
		{7AEBC0B5-3AE7-4D4F-A4DB-D7B1CC0653BE}.Debug|x86.Deploy.0 = Debug|Any CPU
		{7AEBC0B5-3AE7-4D4F-A4DB-D7B1CC0653BE}.Release|Any CPU.ActiveCfg = Release|Any CPU
		{7AEBC0B5-3AE7-4D4F-A4DB-D7B1CC0653BE}.Release|Any CPU.Build.0 = Release|Any CPU
		{7AEBC0B5-3AE7-4D4F-A4DB-D7B1CC0653BE}.Release|Any CPU.Deploy.0 = Release|Any CPU
		{7AEBC0B5-3AE7-4D4F-A4DB-D7B1CC0653BE}.Release|ARM.ActiveCfg = Release|Any CPU
		{7AEBC0B5-3AE7-4D4F-A4DB-D7B1CC0653BE}.Release|ARM.Build.0 = Release|Any CPU
		{7AEBC0B5-3AE7-4D4F-A4DB-D7B1CC0653BE}.Release|ARM.Deploy.0 = Release|Any CPU
		{7AEBC0B5-3AE7-4D4F-A4DB-D7B1CC0653BE}.Release|iPhone.ActiveCfg = Release|Any CPU
		{7AEBC0B5-3AE7-4D4F-A4DB-D7B1CC0653BE}.Release|iPhone.Build.0 = Release|Any CPU
		{7AEBC0B5-3AE7-4D4F-A4DB-D7B1CC0653BE}.Release|iPhone.Deploy.0 = Release|Any CPU
		{7AEBC0B5-3AE7-4D4F-A4DB-D7B1CC0653BE}.Release|iPhoneSimulator.ActiveCfg = Release|Any CPU
		{7AEBC0B5-3AE7-4D4F-A4DB-D7B1CC0653BE}.Release|iPhoneSimulator.Build.0 = Release|Any CPU
		{7AEBC0B5-3AE7-4D4F-A4DB-D7B1CC0653BE}.Release|iPhoneSimulator.Deploy.0 = Release|Any CPU
		{7AEBC0B5-3AE7-4D4F-A4DB-D7B1CC0653BE}.Release|x64.ActiveCfg = Release|Any CPU
		{7AEBC0B5-3AE7-4D4F-A4DB-D7B1CC0653BE}.Release|x64.Build.0 = Release|Any CPU
		{7AEBC0B5-3AE7-4D4F-A4DB-D7B1CC0653BE}.Release|x64.Deploy.0 = Release|Any CPU
		{7AEBC0B5-3AE7-4D4F-A4DB-D7B1CC0653BE}.Release|x86.ActiveCfg = Release|Any CPU
		{7AEBC0B5-3AE7-4D4F-A4DB-D7B1CC0653BE}.Release|x86.Build.0 = Release|Any CPU
		{7AEBC0B5-3AE7-4D4F-A4DB-D7B1CC0653BE}.Release|x86.Deploy.0 = Release|Any CPU
		{B7722C01-3208-4CA3-A99B-7CD92274CFD5}.Debug|Any CPU.ActiveCfg = Debug|iPhone
		{B7722C01-3208-4CA3-A99B-7CD92274CFD5}.Debug|Any CPU.Build.0 = Debug|iPhone
		{B7722C01-3208-4CA3-A99B-7CD92274CFD5}.Debug|Any CPU.Deploy.0 = Debug|iPhone
		{B7722C01-3208-4CA3-A99B-7CD92274CFD5}.Debug|ARM.ActiveCfg = Debug|iPhoneSimulator
		{B7722C01-3208-4CA3-A99B-7CD92274CFD5}.Debug|ARM.Build.0 = Debug|iPhoneSimulator
		{B7722C01-3208-4CA3-A99B-7CD92274CFD5}.Debug|ARM.Deploy.0 = Debug|iPhoneSimulator
		{B7722C01-3208-4CA3-A99B-7CD92274CFD5}.Debug|iPhone.ActiveCfg = Debug|iPhone
		{B7722C01-3208-4CA3-A99B-7CD92274CFD5}.Debug|iPhone.Build.0 = Debug|iPhone
		{B7722C01-3208-4CA3-A99B-7CD92274CFD5}.Debug|iPhone.Deploy.0 = Debug|iPhone
		{B7722C01-3208-4CA3-A99B-7CD92274CFD5}.Debug|iPhoneSimulator.ActiveCfg = Debug|iPhoneSimulator
		{B7722C01-3208-4CA3-A99B-7CD92274CFD5}.Debug|iPhoneSimulator.Build.0 = Debug|iPhoneSimulator
		{B7722C01-3208-4CA3-A99B-7CD92274CFD5}.Debug|iPhoneSimulator.Deploy.0 = Debug|iPhoneSimulator
		{B7722C01-3208-4CA3-A99B-7CD92274CFD5}.Debug|x64.ActiveCfg = Debug|iPhone
		{B7722C01-3208-4CA3-A99B-7CD92274CFD5}.Debug|x64.Build.0 = Debug|iPhone
		{B7722C01-3208-4CA3-A99B-7CD92274CFD5}.Debug|x64.Deploy.0 = Debug|iPhone
		{B7722C01-3208-4CA3-A99B-7CD92274CFD5}.Debug|x86.ActiveCfg = Debug|iPhone
		{B7722C01-3208-4CA3-A99B-7CD92274CFD5}.Debug|x86.Build.0 = Debug|iPhone
		{B7722C01-3208-4CA3-A99B-7CD92274CFD5}.Debug|x86.Deploy.0 = Debug|iPhone
		{B7722C01-3208-4CA3-A99B-7CD92274CFD5}.Release|Any CPU.ActiveCfg = Release|iPhone
		{B7722C01-3208-4CA3-A99B-7CD92274CFD5}.Release|Any CPU.Build.0 = Release|iPhone
		{B7722C01-3208-4CA3-A99B-7CD92274CFD5}.Release|Any CPU.Deploy.0 = Release|iPhone
		{B7722C01-3208-4CA3-A99B-7CD92274CFD5}.Release|ARM.ActiveCfg = Release|iPhone
		{B7722C01-3208-4CA3-A99B-7CD92274CFD5}.Release|ARM.Build.0 = Release|iPhone
		{B7722C01-3208-4CA3-A99B-7CD92274CFD5}.Release|ARM.Deploy.0 = Release|iPhone
		{B7722C01-3208-4CA3-A99B-7CD92274CFD5}.Release|iPhone.ActiveCfg = Release|iPhone
		{B7722C01-3208-4CA3-A99B-7CD92274CFD5}.Release|iPhone.Build.0 = Release|iPhone
		{B7722C01-3208-4CA3-A99B-7CD92274CFD5}.Release|iPhone.Deploy.0 = Release|iPhone
		{B7722C01-3208-4CA3-A99B-7CD92274CFD5}.Release|iPhoneSimulator.ActiveCfg = Release|iPhoneSimulator
		{B7722C01-3208-4CA3-A99B-7CD92274CFD5}.Release|iPhoneSimulator.Build.0 = Release|iPhoneSimulator
		{B7722C01-3208-4CA3-A99B-7CD92274CFD5}.Release|iPhoneSimulator.Deploy.0 = Release|iPhoneSimulator
		{B7722C01-3208-4CA3-A99B-7CD92274CFD5}.Release|x64.ActiveCfg = Release|iPhone
		{B7722C01-3208-4CA3-A99B-7CD92274CFD5}.Release|x64.Build.0 = Release|iPhone
		{B7722C01-3208-4CA3-A99B-7CD92274CFD5}.Release|x64.Deploy.0 = Release|iPhone
		{B7722C01-3208-4CA3-A99B-7CD92274CFD5}.Release|x86.ActiveCfg = Release|iPhone
		{B7722C01-3208-4CA3-A99B-7CD92274CFD5}.Release|x86.Build.0 = Release|iPhone
		{B7722C01-3208-4CA3-A99B-7CD92274CFD5}.Release|x86.Deploy.0 = Release|iPhone
		{407E2397-971D-4C86-A292-6A61A4FE67CE}.Debug|Any CPU.ActiveCfg = Debug|Any CPU
		{407E2397-971D-4C86-A292-6A61A4FE67CE}.Debug|Any CPU.Build.0 = Debug|Any CPU
		{407E2397-971D-4C86-A292-6A61A4FE67CE}.Debug|Any CPU.Deploy.0 = Debug|Any CPU
		{407E2397-971D-4C86-A292-6A61A4FE67CE}.Debug|ARM.ActiveCfg = Debug|Any CPU
		{407E2397-971D-4C86-A292-6A61A4FE67CE}.Debug|ARM.Build.0 = Debug|Any CPU
		{407E2397-971D-4C86-A292-6A61A4FE67CE}.Debug|ARM.Deploy.0 = Debug|Any CPU
		{407E2397-971D-4C86-A292-6A61A4FE67CE}.Debug|iPhone.ActiveCfg = Debug|Any CPU
		{407E2397-971D-4C86-A292-6A61A4FE67CE}.Debug|iPhone.Build.0 = Debug|Any CPU
		{407E2397-971D-4C86-A292-6A61A4FE67CE}.Debug|iPhone.Deploy.0 = Debug|Any CPU
		{407E2397-971D-4C86-A292-6A61A4FE67CE}.Debug|iPhoneSimulator.ActiveCfg = Debug|Any CPU
		{407E2397-971D-4C86-A292-6A61A4FE67CE}.Debug|iPhoneSimulator.Build.0 = Debug|Any CPU
		{407E2397-971D-4C86-A292-6A61A4FE67CE}.Debug|iPhoneSimulator.Deploy.0 = Debug|Any CPU
		{407E2397-971D-4C86-A292-6A61A4FE67CE}.Debug|x64.ActiveCfg = Debug|Any CPU
		{407E2397-971D-4C86-A292-6A61A4FE67CE}.Debug|x64.Build.0 = Debug|Any CPU
		{407E2397-971D-4C86-A292-6A61A4FE67CE}.Debug|x64.Deploy.0 = Debug|Any CPU
		{407E2397-971D-4C86-A292-6A61A4FE67CE}.Debug|x86.ActiveCfg = Debug|Any CPU
		{407E2397-971D-4C86-A292-6A61A4FE67CE}.Debug|x86.Build.0 = Debug|Any CPU
		{407E2397-971D-4C86-A292-6A61A4FE67CE}.Debug|x86.Deploy.0 = Debug|Any CPU
		{407E2397-971D-4C86-A292-6A61A4FE67CE}.Release|Any CPU.ActiveCfg = Release|Any CPU
		{407E2397-971D-4C86-A292-6A61A4FE67CE}.Release|Any CPU.Build.0 = Release|Any CPU
		{407E2397-971D-4C86-A292-6A61A4FE67CE}.Release|Any CPU.Deploy.0 = Release|Any CPU
		{407E2397-971D-4C86-A292-6A61A4FE67CE}.Release|ARM.ActiveCfg = Release|Any CPU
		{407E2397-971D-4C86-A292-6A61A4FE67CE}.Release|ARM.Build.0 = Release|Any CPU
		{407E2397-971D-4C86-A292-6A61A4FE67CE}.Release|ARM.Deploy.0 = Release|Any CPU
		{407E2397-971D-4C86-A292-6A61A4FE67CE}.Release|iPhone.ActiveCfg = Release|Any CPU
		{407E2397-971D-4C86-A292-6A61A4FE67CE}.Release|iPhone.Build.0 = Release|Any CPU
		{407E2397-971D-4C86-A292-6A61A4FE67CE}.Release|iPhone.Deploy.0 = Release|Any CPU
		{407E2397-971D-4C86-A292-6A61A4FE67CE}.Release|iPhoneSimulator.ActiveCfg = Release|Any CPU
		{407E2397-971D-4C86-A292-6A61A4FE67CE}.Release|iPhoneSimulator.Build.0 = Release|Any CPU
		{407E2397-971D-4C86-A292-6A61A4FE67CE}.Release|iPhoneSimulator.Deploy.0 = Release|Any CPU
		{407E2397-971D-4C86-A292-6A61A4FE67CE}.Release|x64.ActiveCfg = Release|Any CPU
		{407E2397-971D-4C86-A292-6A61A4FE67CE}.Release|x64.Build.0 = Release|Any CPU
		{407E2397-971D-4C86-A292-6A61A4FE67CE}.Release|x64.Deploy.0 = Release|Any CPU
		{407E2397-971D-4C86-A292-6A61A4FE67CE}.Release|x86.ActiveCfg = Release|Any CPU
		{407E2397-971D-4C86-A292-6A61A4FE67CE}.Release|x86.Build.0 = Release|Any CPU
		{407E2397-971D-4C86-A292-6A61A4FE67CE}.Release|x86.Deploy.0 = Release|Any CPU
	EndGlobalSection
	GlobalSection(SolutionProperties) = preSolution
		HideSolutionNode = FALSE
	EndGlobalSection
	GlobalSection(ExtensibilityGlobals) = postSolution
		SolutionGuid = {47B5FAB6-E88B-429A-8B1E-66A75E19EA1E}
	EndGlobalSection
EndGlobal
